
Microsoft Visual Studio Solution File, Format Version 12.00
# Visual Studio Version 16
VisualStudioVersion = 16.0.31702.278
MinimumVisualStudioVersion = 10.0.40219.1
Project("{FAE04EC0-301F-11D3-BF4B-00C04F79EFBC}") = "MSFS 2020 Tail Number Fixer - FSUIPC", "MSFS 2020 Tail Number Fixer - FSUIPC.csproj", "{D58BD7B1-A0E3-4E17-9300-DED809F317A9}"
EndProject
Project("{54435603-DBB4-11D2-8724-00A0C9A8B90C}") = "MSFS 2020 Tail Number Utility Installer", "..\MSFS 2020 Tail Number Utility Installer\MSFS 2020 Tail Number Utility Installer.vdproj", "{83B2227F-8C41-4FDE-8F18-042C1D8A25D4}"
EndProject
Global
	GlobalSection(SolutionConfigurationPlatforms) = preSolution
		Debug|Any CPU = Debug|Any CPU
		Debug|ARM = Debug|ARM
		Debug|ARM64 = Debug|ARM64
		Debug|x64 = Debug|x64
		Debug|x86 = Debug|x86
		Release|Any CPU = Release|Any CPU
		Release|ARM = Release|ARM
		Release|ARM64 = Release|ARM64
		Release|x64 = Release|x64
		Release|x86 = Release|x86
	EndGlobalSection
	GlobalSection(ProjectConfigurationPlatforms) = postSolution
		{D58BD7B1-A0E3-4E17-9300-DED809F317A9}.Debug|Any CPU.ActiveCfg = Debug|Any CPU
		{D58BD7B1-A0E3-4E17-9300-DED809F317A9}.Debug|Any CPU.Build.0 = Debug|Any CPU
		{D58BD7B1-A0E3-4E17-9300-DED809F317A9}.Debug|ARM.ActiveCfg = Debug|Any CPU
		{D58BD7B1-A0E3-4E17-9300-DED809F317A9}.Debug|ARM.Build.0 = Debug|Any CPU
		{D58BD7B1-A0E3-4E17-9300-DED809F317A9}.Debug|ARM64.ActiveCfg = Debug|Any CPU
		{D58BD7B1-A0E3-4E17-9300-DED809F317A9}.Debug|ARM64.Build.0 = Debug|Any CPU
		{D58BD7B1-A0E3-4E17-9300-DED809F317A9}.Debug|x64.ActiveCfg = Debug|Any CPU
		{D58BD7B1-A0E3-4E17-9300-DED809F317A9}.Debug|x64.Build.0 = Debug|Any CPU
		{D58BD7B1-A0E3-4E17-9300-DED809F317A9}.Debug|x86.ActiveCfg = Debug|Any CPU
		{D58BD7B1-A0E3-4E17-9300-DED809F317A9}.Debug|x86.Build.0 = Debug|Any CPU
		{D58BD7B1-A0E3-4E17-9300-DED809F317A9}.Release|Any CPU.ActiveCfg = Release|Any CPU
		{D58BD7B1-A0E3-4E17-9300-DED809F317A9}.Release|Any CPU.Build.0 = Release|Any CPU
		{D58BD7B1-A0E3-4E17-9300-DED809F317A9}.Release|ARM.ActiveCfg = Release|Any CPU
		{D58BD7B1-A0E3-4E17-9300-DED809F317A9}.Release|ARM.Build.0 = Release|Any CPU
		{D58BD7B1-A0E3-4E17-9300-DED809F317A9}.Release|ARM64.ActiveCfg = Release|Any CPU
		{D58BD7B1-A0E3-4E17-9300-DED809F317A9}.Release|ARM64.Build.0 = Release|Any CPU
		{D58BD7B1-A0E3-4E17-9300-DED809F317A9}.Release|x64.ActiveCfg = Release|Any CPU
		{D58BD7B1-A0E3-4E17-9300-DED809F317A9}.Release|x64.Build.0 = Release|Any CPU
		{D58BD7B1-A0E3-4E17-9300-DED809F317A9}.Release|x86.ActiveCfg = Release|Any CPU
		{D58BD7B1-A0E3-4E17-9300-DED809F317A9}.Release|x86.Build.0 = Release|Any CPU
		{83B2227F-8C41-4FDE-8F18-042C1D8A25D4}.Debug|Any CPU.ActiveCfg = Debug
		{83B2227F-8C41-4FDE-8F18-042C1D8A25D4}.Debug|ARM.ActiveCfg = Debug
		{83B2227F-8C41-4FDE-8F18-042C1D8A25D4}.Debug|ARM64.ActiveCfg = Debug
		{83B2227F-8C41-4FDE-8F18-042C1D8A25D4}.Debug|x64.ActiveCfg = Debug
		{83B2227F-8C41-4FDE-8F18-042C1D8A25D4}.Debug|x86.ActiveCfg = Debug
		{83B2227F-8C41-4FDE-8F18-042C1D8A25D4}.Release|Any CPU.ActiveCfg = Release
		{83B2227F-8C41-4FDE-8F18-042C1D8A25D4}.Release|ARM.ActiveCfg = Release
		{83B2227F-8C41-4FDE-8F18-042C1D8A25D4}.Release|ARM64.ActiveCfg = Release
		{83B2227F-8C41-4FDE-8F18-042C1D8A25D4}.Release|x64.ActiveCfg = Release
		{83B2227F-8C41-4FDE-8F18-042C1D8A25D4}.Release|x86.ActiveCfg = Release
	EndGlobalSection
	GlobalSection(SolutionProperties) = preSolution
		HideSolutionNode = FALSE
	EndGlobalSection
	GlobalSection(ExtensibilityGlobals) = postSolution
		SolutionGuid = {D94CBEA6-35CC-4560-9310-6DA83E99C828}
	EndGlobalSection
EndGlobal
